// !$*UTF8*$!
{
	archiveVersion = 1;
	classes = {
	};
	objectVersion = 77;
	objects = {

/* Begin PBXBuildFile section */
		0591931E79D7EAE80445E416 /* DayHeaderReusableView.swift in Sources */ = {isa = PBXBuildFile; fileRef = 7F7D7AEEA913C128F5FF6E89 /* DayHeaderReusableView.swift */; };
		08881BCB571A08EB72EBDF3C /* SceneDelegate.swift in Sources */ = {isa = PBXBuildFile; fileRef = 479A9310E47A2328CE1CE168 /* SceneDelegate.swift */; };
		0EA1676FCC9ED3D7A435EB48 /* WeatherBackgroundView.swift in Sources */ = {isa = PBXBuildFile; fileRef = 92E2720920BC78A7D671760A /* WeatherBackgroundView.swift */; };
		10B529173A54E8ABBB6BEEAA /* TemperatureGraphCollectionView.swift in Sources */ = {isa = PBXBuildFile; fileRef = A5B94615F499CA6C28AE7FE0 /* TemperatureGraphCollectionView.swift */; };
		11B8A7BE663F43A6FADBEB67 /* LocationPermissionView.swift in Sources */ = {isa = PBXBuildFile; fileRef = 31004CBFD78B3A0EA4757620 /* LocationPermissionView.swift */; };
		1835B6372518624C2124F092 /* WeatherSummaryView.swift in Sources */ = {isa = PBXBuildFile; fileRef = 721B7D045B9BBAD0E776EFC8 /* WeatherSummaryView.swift */; };
		22BA52706C31FAE812E30434 /* TemperatureGraphCell.swift in Sources */ = {isa = PBXBuildFile; fileRef = 53BF1687A357FAB8EB92DD7A /* TemperatureGraphCell.swift */; };
		349930EF4D7A775719F5F2A7 /* WeatherBackgroundPaletteTests.swift in Sources */ = {isa = PBXBuildFile; fileRef = 8423875CEF0246FD99FEB247 /* WeatherBackgroundPaletteTests.swift */; };
		34AB649F8D23B383774B7D8C /* WeatherCloudParallaxView.swift in Sources */ = {isa = PBXBuildFile; fileRef = B056633315EA361DE34259EB /* WeatherCloudParallaxView.swift */; };
		369BFDF7C8A13A7C32072F7D /* WeatherBackgroundConstants.swift in Sources */ = {isa = PBXBuildFile; fileRef = 25663BA02D4026841B9F4B45 /* WeatherBackgroundConstants.swift */; };
		M0T10NP0L1CY001BUILD00001 /* WeatherBackgroundMotionPolicy.swift in Sources */ = {isa = PBXBuildFile; fileRef = M0T10NP0L1CY001FILE00001 /* WeatherBackgroundMotionPolicy.swift */; };
		CLOUDPOLICY001BUILD00001 /* WeatherBackgroundCloudPolicy.swift in Sources */ = {isa = PBXBuildFile; fileRef = CLOUDPOLICY001FILE00001 /* WeatherBackgroundCloudPolicy.swift */; };
		M0T10NP0L1CY002BUILD00001 /* WeatherBackgroundMotionPolicyTests.swift in Sources */ = {isa = PBXBuildFile; fileRef = M0T10NP0L1CY002FILE00001 /* WeatherBackgroundMotionPolicyTests.swift */; };
		CLOUDPOLICY002BUILD00001 /* WeatherBackgroundCloudPolicyTests.swift in Sources */ = {isa = PBXBuildFile; fileRef = CLOUDPOLICY002FILE00001 /* WeatherBackgroundCloudPolicyTests.swift */; };
		38806E99E616E24CF5BBE733 /* WeatherBackgroundPalette.swift in Sources */ = {isa = PBXBuildFile; fileRef = 6CE99F6C0A1390E69D5B98ED /* WeatherBackgroundPalette.swift */; };
		41BFEFABA896A44F4318CC31 /* AppCoordinator.swift in Sources */ = {isa = PBXBuildFile; fileRef = F5F16F8BAC2D25F9845A85FA /* AppCoordinator.swift */; };
		44F3C71C8DB92191914835F9 /* LocationWeatherViewControllerTests.swift in Sources */ = {isa = PBXBuildFile; fileRef = 44F246F04D822F8BCE69917E /* LocationWeatherViewControllerTests.swift */; };
		546738A86ED1DB34EFA3F658 /* WeatherBackgroundConfiguration.swift in Sources */ = {isa = PBXBuildFile; fileRef = D93D5091CD948DAA6779F978 /* WeatherBackgroundConfiguration.swift */; };
		5B5533BF1D9C08DBB3B98F55 /* TemperatureGraphLayoutTests.swift in Sources */ = {isa = PBXBuildFile; fileRef = C55ED1B914C5F1DC2E067742 /* TemperatureGraphLayoutTests.swift */; };
		5D23F0B8DB2F6FDA21E5E88A /* WeatherBackgroundEffectsPolicy.swift in Sources */ = {isa = PBXBuildFile; fileRef = 7FA6185DE28A5CA18E23B5CA /* WeatherBackgroundEffectsPolicy.swift */; };
		5FA8D4546B1DF0B679050ED4 /* WeatherParticleEmitterBuilderTests.swift in Sources */ = {isa = PBXBuildFile; fileRef = B6E8E8FD6D1E574EB99D4F00 /* WeatherParticleEmitterBuilderTests.swift */; };
		634847B481562DF2D470531B /* AppDelegate.swift in Sources */ = {isa = PBXBuildFile; fileRef = 2792CE6B32EEAE063DE09107 /* AppDelegate.swift */; };
		6C7AE8BB452D327A5A8837DC /* LoadingView.swift in Sources */ = {isa = PBXBuildFile; fileRef = 23F4F401954BA5591A0F158E /* LoadingView.swift */; };
		78D6D3A2ACD82F97B2AE0117 /* Config.plist in Resources */ = {isa = PBXBuildFile; fileRef = 566FE958D883DC5A96A01E69 /* Config.plist */; };
		7C0D2A40BC930F4968669DDD /* ProxyConfigurationLoader.swift in Sources */ = {isa = PBXBuildFile; fileRef = F7DF9AAD1297FA426933546D /* ProxyConfigurationLoader.swift */; };
		8EE6AF6B62D6F36BD914A586 /* LocationManager.swift in Sources */ = {isa = PBXBuildFile; fileRef = 09368FD00A15FC6110047639 /* LocationManager.swift */; };
		900BE3082D9EAE8151808C11 /* Localizable.xcstrings in Resources */ = {isa = PBXBuildFile; fileRef = 1BF26741692A427A71D99669 /* Localizable.xcstrings */; };
		9786ED40BF64ED3FCC0F8BBE /* TemperatureGraphLayout.swift in Sources */ = {isa = PBXBuildFile; fileRef = EDA742FBAE811FB33D28C62F /* TemperatureGraphLayout.swift */; };
		97A3CD9579BA387B613B0C93 /* TilesContainerViewTests.swift in Sources */ = {isa = PBXBuildFile; fileRef = 56F571B777C85416C16C582B /* TilesContainerViewTests.swift */; };
		9841B5C08DF4A7CC5B922B23 /* WeatherCore in Frameworks */ = {isa = PBXBuildFile; productRef = 1D1B40654C6EAB9985EBD431 /* WeatherCore */; };
		A6E8F5456C4F51FCF2646140 /* AppCoordinatorTests.swift in Sources */ = {isa = PBXBuildFile; fileRef = E16172F51DABF247067C060B /* AppCoordinatorTests.swift */; };
		A8442DA94C0BBA2A8F1E4C92 /* LocationWeatherViewController.swift in Sources */ = {isa = PBXBuildFile; fileRef = 8131E210C59013179486C9DF /* LocationWeatherViewController.swift */; };
		AB1734EE815563FC23DD7AE7 /* WeatherBackgroundAssetFactory.swift in Sources */ = {isa = PBXBuildFile; fileRef = F623C0F47A87C8087C574EC0 /* WeatherBackgroundAssetFactory.swift */; };
		ABDBB88BF5D6D30BED223968 /* OfflineBannerView.swift in Sources */ = {isa = PBXBuildFile; fileRef = DB77667642743F9356F83456 /* OfflineBannerView.swift */; };
		B09A42BA6BC5964B9359FDB7 /* TilesContainerView.swift in Sources */ = {isa = PBXBuildFile; fileRef = F56088665110EEE30D085CD9 /* TilesContainerView.swift */; };
		B26C3F79C2FE2CF9D8D8D972 /* TemperatureGraphRenderer.swift in Sources */ = {isa = PBXBuildFile; fileRef = E7EE92C8C269BCEE342952E2 /* TemperatureGraphRenderer.swift */; };
		B5065348E869F1CB43CEE0B1 /* WeatherCelestialGlowView.swift in Sources */ = {isa = PBXBuildFile; fileRef = 0EDE72CC84A27F2F747CCB46 /* WeatherCelestialGlowView.swift */; };
		CD9F7D1DB7050C89DD83DF4D /* WeatherSummaryViewTests.swift in Sources */ = {isa = PBXBuildFile; fileRef = 373B667EFF54C1BFF0D58EC5 /* WeatherSummaryViewTests.swift */; };
		E1688F3BDDF548BB507A75E6 /* WeatherBackgroundEffectsPolicyTests.swift in Sources */ = {isa = PBXBuildFile; fileRef = 1505F3EB62C744A68E4C8288 /* WeatherBackgroundEffectsPolicyTests.swift */; };
		E56B1BB070843944C201072F /* TemperatureGraphRendererTests.swift in Sources */ = {isa = PBXBuildFile; fileRef = 7E8269635F04FBDDB0EA7B2B /* TemperatureGraphRendererTests.swift */; };
		E5EF8AC469C3A5E0FFC14C41 /* WeatherParticleEmitterBuilder.swift in Sources */ = {isa = PBXBuildFile; fileRef = 4AEF72E637E94AE673DEF732 /* WeatherParticleEmitterBuilder.swift */; };
		EA1831DA42B164196DCC262C /* AppL10n.swift in Sources */ = {isa = PBXBuildFile; fileRef = 1586BA19A356C3B7AFDE1BF8 /* AppL10n.swift */; };
		EC4DCD1671EFDB043C737F0F /* WeatherBackgroundViewTests.swift in Sources */ = {isa = PBXBuildFile; fileRef = 21A695A06A5BD659D85FE4C2 /* WeatherBackgroundViewTests.swift */; };
		EDA5CC13DB84A6A450CE5B34 /* WeatherTileView.swift in Sources */ = {isa = PBXBuildFile; fileRef = B405F1472E1AF3AF7BFCC73C /* WeatherTileView.swift */; };
		EE3137953FEB5329A2DFACBA /* MockCollectionViewDataSource.swift in Sources */ = {isa = PBXBuildFile; fileRef = A6C780EB4AE0D826BEF8BCBE /* MockCollectionViewDataSource.swift */; };
		FDCC39C6B8EAF7CFA370AC4A /* WeatherStormFlashView.swift in Sources */ = {isa = PBXBuildFile; fileRef = 6B778195BF3409CD5CA75C3C /* WeatherStormFlashView.swift */; };
		FEDCBA9876543210ABCDEF01 /* WeatherSkyReadableText.swift in Sources */ = {isa = PBXBuildFile; fileRef = ABCDEF0123456789FEDCBA98 /* WeatherSkyReadableText.swift */; };
		DESIGNSYS001BUILD00001 /* WeatherDesignSystem.swift in Sources */ = {isa = PBXBuildFile; fileRef = DESIGNSYS001FILE00001 /* WeatherDesignSystem.swift */; };
		E5F60718293A4B5C6D7E8F90 /* WeatherBackgroundSnapshotFixtures.swift in Sources */ = {isa = PBXBuildFile; fileRef = F60718293A4B5C6D7E8F9012 /* WeatherBackgroundSnapshotFixtures.swift */; };
		0718293A4B5C6D7E8F901234 /* WeatherBackgroundSnapshotTests.swift in Sources */ = {isa = PBXBuildFile; fileRef = 18293A4B5C6D7E8F90123456 /* WeatherBackgroundSnapshotTests.swift */; };
		JSONSNAP001BUILD00001 /* JSONSnapshotTesting.swift in Sources */ = {isa = PBXBuildFile; fileRef = JSONSNAP001FILE00001 /* JSONSnapshotTesting.swift */; };
		SNAPREP001BUILD000001 /* WeatherBackgroundSnapshotRepresentation.swift in Sources */ = {isa = PBXBuildFile; fileRef = SNAPREP001FILE000001 /* WeatherBackgroundSnapshotRepresentation.swift */; };
		LOCATIONSVC001BUILD00001 /* LocationsViewController.swift in Sources */ = {isa = PBXBuildFile; fileRef = LOCATIONSVC001FILE00001 /* LocationsViewController.swift */; };
		WEATHERPAGER001BUILD0001 /* WeatherPagerViewController.swift in Sources */ = {isa = PBXBuildFile; fileRef = WEATHERPAGER001FILE0001 /* WeatherPagerViewController.swift */; };
/* End PBXBuildFile section */

/* Begin PBXContainerItemProxy section */
		2B4CA6F10806C5FD9373FD84 /* PBXContainerItemProxy */ = {
			isa = PBXContainerItemProxy;
			containerPortal = 68EB07FA727F0E3673187832 /* Project object */;
			proxyType = 1;
			remoteGlobalIDString = C5C3A59242333E2CBF0C59F3;
			remoteInfo = WeatherApp;
		};
/* End PBXContainerItemProxy section */

/* Begin PBXFileReference section */
		09368FD00A15FC6110047639 /* LocationManager.swift */ = {isa = PBXFileReference; lastKnownFileType = sourcecode.swift; path = LocationManager.swift; sourceTree = "<group>"; };
		0EDE72CC84A27F2F747CCB46 /* WeatherCelestialGlowView.swift */ = {isa = PBXFileReference; lastKnownFileType = sourcecode.swift; path = WeatherCelestialGlowView.swift; sourceTree = "<group>"; };
		1505F3EB62C744A68E4C8288 /* WeatherBackgroundEffectsPolicyTests.swift */ = {isa = PBXFileReference; lastKnownFileType = sourcecode.swift; path = WeatherBackgroundEffectsPolicyTests.swift; sourceTree = "<group>"; };
		1586BA19A356C3B7AFDE1BF8 /* AppL10n.swift */ = {isa = PBXFileReference; lastKnownFileType = sourcecode.swift; path = AppL10n.swift; sourceTree = "<group>"; };
		1BF26741692A427A71D99669 /* Localizable.xcstrings */ = {isa = PBXFileReference; lastKnownFileType = text.json.xcstrings; path = Localizable.xcstrings; sourceTree = "<group>"; };
		21A695A06A5BD659D85FE4C2 /* WeatherBackgroundViewTests.swift */ = {isa = PBXFileReference; lastKnownFileType = sourcecode.swift; path = WeatherBackgroundViewTests.swift; sourceTree = "<group>"; };
		23F4F401954BA5591A0F158E /* LoadingView.swift */ = {isa = PBXFileReference; lastKnownFileType = sourcecode.swift; path = LoadingView.swift; sourceTree = "<group>"; };
		25663BA02D4026841B9F4B45 /* WeatherBackgroundConstants.swift */ = {isa = PBXFileReference; lastKnownFileType = sourcecode.swift; path = WeatherBackgroundConstants.swift; sourceTree = "<group>"; };
		M0T10NP0L1CY001FILE00001 /* WeatherBackgroundMotionPolicy.swift */ = {isa = PBXFileReference; lastKnownFileType = sourcecode.swift; path = WeatherBackgroundMotionPolicy.swift; sourceTree = "<group>"; };
		CLOUDPOLICY001FILE00001 /* WeatherBackgroundCloudPolicy.swift */ = {isa = PBXFileReference; lastKnownFileType = sourcecode.swift; path = WeatherBackgroundCloudPolicy.swift; sourceTree = "<group>"; };
		M0T10NP0L1CY002FILE00001 /* WeatherBackgroundMotionPolicyTests.swift */ = {isa = PBXFileReference; lastKnownFileType = sourcecode.swift; path = WeatherBackgroundMotionPolicyTests.swift; sourceTree = "<group>"; };
		CLOUDPOLICY002FILE00001 /* WeatherBackgroundCloudPolicyTests.swift */ = {isa = PBXFileReference; lastKnownFileType = sourcecode.swift; path = WeatherBackgroundCloudPolicyTests.swift; sourceTree = "<group>"; };
		25BC59F755991BBB3351FCD6 /* WeatherApp.app */ = {isa = PBXFileReference; includeInIndex = 0; lastKnownFileType = wrapper.application; path = WeatherApp.app; sourceTree = BUILT_PRODUCTS_DIR; };
		2792CE6B32EEAE063DE09107 /* AppDelegate.swift */ = {isa = PBXFileReference; lastKnownFileType = sourcecode.swift; path = AppDelegate.swift; sourceTree = "<group>"; };
		31004CBFD78B3A0EA4757620 /* LocationPermissionView.swift */ = {isa = PBXFileReference; lastKnownFileType = sourcecode.swift; path = LocationPermissionView.swift; sourceTree = "<group>"; };
		373B667EFF54C1BFF0D58EC5 /* WeatherSummaryViewTests.swift */ = {isa = PBXFileReference; lastKnownFileType = sourcecode.swift; path = WeatherSummaryViewTests.swift; sourceTree = "<group>"; };
		44F246F04D822F8BCE69917E /* LocationWeatherViewControllerTests.swift */ = {isa = PBXFileReference; lastKnownFileType = sourcecode.swift; path = LocationWeatherViewControllerTests.swift; sourceTree = "<group>"; };
		479A9310E47A2328CE1CE168 /* SceneDelegate.swift */ = {isa = PBXFileReference; lastKnownFileType = sourcecode.swift; path = SceneDelegate.swift; sourceTree = "<group>"; };
		4AEF72E637E94AE673DEF732 /* WeatherParticleEmitterBuilder.swift */ = {isa = PBXFileReference; lastKnownFileType = sourcecode.swift; path = WeatherParticleEmitterBuilder.swift; sourceTree = "<group>"; };
		53BF1687A357FAB8EB92DD7A /* TemperatureGraphCell.swift */ = {isa = PBXFileReference; lastKnownFileType = sourcecode.swift; path = TemperatureGraphCell.swift; sourceTree = "<group>"; };
		566FE958D883DC5A96A01E69 /* Config.plist */ = {isa = PBXFileReference; lastKnownFileType = text.plist; path = Config.plist; sourceTree = "<group>"; };
		56F571B777C85416C16C582B /* TilesContainerViewTests.swift */ = {isa = PBXFileReference; lastKnownFileType = sourcecode.swift; path = TilesContainerViewTests.swift; sourceTree = "<group>"; };
		6B778195BF3409CD5CA75C3C /* WeatherStormFlashView.swift */ = {isa = PBXFileReference; lastKnownFileType = sourcecode.swift; path = WeatherStormFlashView.swift; sourceTree = "<group>"; };
		6CE99F6C0A1390E69D5B98ED /* WeatherBackgroundPalette.swift */ = {isa = PBXFileReference; lastKnownFileType = sourcecode.swift; path = WeatherBackgroundPalette.swift; sourceTree = "<group>"; };
		721B7D045B9BBAD0E776EFC8 /* WeatherSummaryView.swift */ = {isa = PBXFileReference; lastKnownFileType = sourcecode.swift; path = WeatherSummaryView.swift; sourceTree = "<group>"; };
		7E8269635F04FBDDB0EA7B2B /* TemperatureGraphRendererTests.swift */ = {isa = PBXFileReference; lastKnownFileType = sourcecode.swift; path = TemperatureGraphRendererTests.swift; sourceTree = "<group>"; };
		7F7D7AEEA913C128F5FF6E89 /* DayHeaderReusableView.swift */ = {isa = PBXFileReference; lastKnownFileType = sourcecode.swift; path = DayHeaderReusableView.swift; sourceTree = "<group>"; };
		7FA6185DE28A5CA18E23B5CA /* WeatherBackgroundEffectsPolicy.swift */ = {isa = PBXFileReference; lastKnownFileType = sourcecode.swift; path = WeatherBackgroundEffectsPolicy.swift; sourceTree = "<group>"; };
		8131E210C59013179486C9DF /* LocationWeatherViewController.swift */ = {isa = PBXFileReference; lastKnownFileType = sourcecode.swift; path = LocationWeatherViewController.swift; sourceTree = "<group>"; };
		8423875CEF0246FD99FEB247 /* WeatherBackgroundPaletteTests.swift */ = {isa = PBXFileReference; lastKnownFileType = sourcecode.swift; path = WeatherBackgroundPaletteTests.swift; sourceTree = "<group>"; };
		92E2720920BC78A7D671760A /* WeatherBackgroundView.swift */ = {isa = PBXFileReference; lastKnownFileType = sourcecode.swift; path = WeatherBackgroundView.swift; sourceTree = "<group>"; };
		A5B94615F499CA6C28AE7FE0 /* TemperatureGraphCollectionView.swift */ = {isa = PBXFileReference; lastKnownFileType = sourcecode.swift; path = TemperatureGraphCollectionView.swift; sourceTree = "<group>"; };
		A6C780EB4AE0D826BEF8BCBE /* MockCollectionViewDataSource.swift */ = {isa = PBXFileReference; lastKnownFileType = sourcecode.swift; path = MockCollectionViewDataSource.swift; sourceTree = "<group>"; };
		B056633315EA361DE34259EB /* WeatherCloudParallaxView.swift */ = {isa = PBXFileReference; lastKnownFileType = sourcecode.swift; path = WeatherCloudParallaxView.swift; sourceTree = "<group>"; };
		B405F1472E1AF3AF7BFCC73C /* WeatherTileView.swift */ = {isa = PBXFileReference; lastKnownFileType = sourcecode.swift; path = WeatherTileView.swift; sourceTree = "<group>"; };
		B6E8E8FD6D1E574EB99D4F00 /* WeatherParticleEmitterBuilderTests.swift */ = {isa = PBXFileReference; lastKnownFileType = sourcecode.swift; path = WeatherParticleEmitterBuilderTests.swift; sourceTree = "<group>"; };
		C55ED1B914C5F1DC2E067742 /* TemperatureGraphLayoutTests.swift */ = {isa = PBXFileReference; lastKnownFileType = sourcecode.swift; path = TemperatureGraphLayoutTests.swift; sourceTree = "<group>"; };
		CCA4F0B6BCBA55AA36445574 /* WeatherCore */ = {isa = PBXFileReference; lastKnownFileType = folder; name = WeatherCore; path = WeatherCore; sourceTree = SOURCE_ROOT; };
		D93D5091CD948DAA6779F978 /* WeatherBackgroundConfiguration.swift */ = {isa = PBXFileReference; lastKnownFileType = sourcecode.swift; path = WeatherBackgroundConfiguration.swift; sourceTree = "<group>"; };
		DB77667642743F9356F83456 /* OfflineBannerView.swift */ = {isa = PBXFileReference; lastKnownFileType = sourcecode.swift; path = OfflineBannerView.swift; sourceTree = "<group>"; };
		E16172F51DABF247067C060B /* AppCoordinatorTests.swift */ = {isa = PBXFileReference; lastKnownFileType = sourcecode.swift; path = AppCoordinatorTests.swift; sourceTree = "<group>"; };
		E6CCDD89A0AB717D13232375 /* WeatherAppTests.xctest */ = {isa = PBXFileReference; includeInIndex = 0; lastKnownFileType = wrapper.cfbundle; path = WeatherAppTests.xctest; sourceTree = BUILT_PRODUCTS_DIR; };
		E7EE92C8C269BCEE342952E2 /* TemperatureGraphRenderer.swift */ = {isa = PBXFileReference; lastKnownFileType = sourcecode.swift; path = TemperatureGraphRenderer.swift; sourceTree = "<group>"; };
		EDA742FBAE811FB33D28C62F /* TemperatureGraphLayout.swift */ = {isa = PBXFileReference; lastKnownFileType = sourcecode.swift; path = TemperatureGraphLayout.swift; sourceTree = "<group>"; };
		F56088665110EEE30D085CD9 /* TilesContainerView.swift */ = {isa = PBXFileReference; lastKnownFileType = sourcecode.swift; path = TilesContainerView.swift; sourceTree = "<group>"; };
		F5F16F8BAC2D25F9845A85FA /* AppCoordinator.swift */ = {isa = PBXFileReference; lastKnownFileType = sourcecode.swift; path = AppCoordinator.swift; sourceTree = "<group>"; };
		F623C0F47A87C8087C574EC0 /* WeatherBackgroundAssetFactory.swift */ = {isa = PBXFileReference; lastKnownFileType = sourcecode.swift; path = WeatherBackgroundAssetFactory.swift; sourceTree = "<group>"; };
		F7DF9AAD1297FA426933546D /* ProxyConfigurationLoader.swift */ = {isa = PBXFileReference; lastKnownFileType = sourcecode.swift; path = ProxyConfigurationLoader.swift; sourceTree = "<group>"; };
		ABCDEF0123456789FEDCBA98 /* WeatherSkyReadableText.swift */ = {isa = PBXFileReference; lastKnownFileType = sourcecode.swift; path = WeatherSkyReadableText.swift; sourceTree = "<group>"; };
		DESIGNSYS001FILE00001 /* WeatherDesignSystem.swift */ = {isa = PBXFileReference; lastKnownFileType = sourcecode.swift; path = WeatherDesignSystem.swift; sourceTree = "<group>"; };
		18293A4B5C6D7E8F90123456 /* WeatherBackgroundSnapshotTests.swift */ = {isa = PBXFileReference; lastKnownFileType = sourcecode.swift; path = WeatherBackgroundSnapshotTests.swift; sourceTree = "<group>"; };
		F60718293A4B5C6D7E8F9012 /* WeatherBackgroundSnapshotFixtures.swift */ = {isa = PBXFileReference; lastKnownFileType = sourcecode.swift; path = WeatherBackgroundSnapshotFixtures.swift; sourceTree = "<group>"; };
		JSONSNAP001FILE00001 /* JSONSnapshotTesting.swift */ = {isa = PBXFileReference; lastKnownFileType = sourcecode.swift; path = JSONSnapshotTesting.swift; sourceTree = "<group>"; };
		SNAPREP001FILE000001 /* WeatherBackgroundSnapshotRepresentation.swift */ = {isa = PBXFileReference; lastKnownFileType = sourcecode.swift; path = WeatherBackgroundSnapshotRepresentation.swift; sourceTree = "<group>"; };
		LOCATIONSVC001FILE00001 /* LocationsViewController.swift */ = {isa = PBXFileReference; lastKnownFileType = sourcecode.swift; path = LocationsViewController.swift; sourceTree = "<group>"; };
		WEATHERPAGER001FILE0001 /* WeatherPagerViewController.swift */ = {isa = PBXFileReference; lastKnownFileType = sourcecode.swift; path = WeatherPagerViewController.swift; sourceTree = "<group>"; };
/* End PBXFileReference section */

/* Begin PBXFrameworksBuildPhase section */
		0CD4E8C9D5665058FFE1B20C /* Frameworks */ = {
			isa = PBXFrameworksBuildPhase;
			buildActionMask = 2147483647;
			files = (
				9841B5C08DF4A7CC5B922B23 /* WeatherCore in Frameworks */,
			);
			runOnlyForDeploymentPostprocessing = 0;
		};
		9F8E7D6C5B4A392817161514 /* Frameworks */ = {
			isa = PBXFrameworksBuildPhase;
			buildActionMask = 2147483647;
			files = (
			);
			runOnlyForDeploymentPostprocessing = 0;
		};
/* End PBXFrameworksBuildPhase section */

/* Begin PBXGroup section */
		0CD03868B221E96519161FCE /* Application */ = {
			isa = PBXGroup;
			children = (
				E16172F51DABF247067C060B /* AppCoordinatorTests.swift */,
			);
			path = Application;
			sourceTree = "<group>";
		};
		1ADD2BF52E5A4F069959D44E /* WeatherAppTests */ = {
			isa = PBXGroup;
			children = (
				0CD03868B221E96519161FCE /* Application */,
				E4F785B97C2352D43540ED6E /* Background */,
				65C920A87DB45E8ABCF0ADDE /* Screens */,
				6446B85457E2DC3704538978 /* Support */,
				5563586609EF5361C90B3609 /* TemperatureGraph */,
				4962D774C1EA42571554CAEB /* Tiles */,
			);
			path = WeatherAppTests;
			sourceTree = "<group>";
		};
		20CCF13E31D152E67D66ACEC /* Shared */ = {
			isa = PBXGroup;
			children = (
				23F4F401954BA5591A0F158E /* LoadingView.swift */,
				31004CBFD78B3A0EA4757620 /* LocationPermissionView.swift */,
				DB77667642743F9356F83456 /* OfflineBannerView.swift */,
				ABCDEF0123456789FEDCBA98 /* WeatherSkyReadableText.swift */,
			);
			path = Shared;
			sourceTree = "<group>";
		};
		4962D774C1EA42571554CAEB /* Tiles */ = {
			isa = PBXGroup;
			children = (
				56F571B777C85416C16C582B /* TilesContainerViewTests.swift */,
			);
			path = Tiles;
			sourceTree = "<group>";
		};
		5563586609EF5361C90B3609 /* TemperatureGraph */ = {
			isa = PBXGroup;
			children = (
				C55ED1B914C5F1DC2E067742 /* TemperatureGraphLayoutTests.swift */,
				7E8269635F04FBDDB0EA7B2B /* TemperatureGraphRendererTests.swift */,
			);
			path = TemperatureGraph;
			sourceTree = "<group>";
		};
		62BD443CA14B3FF87BA00612 /* WeatherApp */ = {
			isa = PBXGroup;
			children = (
				2792CE6B32EEAE063DE09107 /* AppDelegate.swift */,
				479A9310E47A2328CE1CE168 /* SceneDelegate.swift */,
				9B35CCDB871D8B7F6C07CDED /* Application */,
				DESIGNSYS000GROUP00001 /* DesignSystem */,
				D8851AA99DF2E8E5E4EA88B7 /* Resources */,
				AFF23EB9C72525D253CDAF25 /* Screens */,
				BC202C9FA5C68CFA5D3CEF8A /* Support */,
			);
			path = WeatherApp;
			sourceTree = "<group>";
		};
		DESIGNSYS000GROUP00001 /* DesignSystem */ = {
			isa = PBXGroup;
			children = (
				DESIGNSYS001FILE00001 /* WeatherDesignSystem.swift */,
			);
			path = DesignSystem;
			sourceTree = "<group>";
		};
		6446B85457E2DC3704538978 /* Support */ = {
			isa = PBXGroup;
			children = (
				JSONSNAP001FILE00001 /* JSONSnapshotTesting.swift */,
				A6C780EB4AE0D826BEF8BCBE /* MockCollectionViewDataSource.swift */,
			);
			path = Support;
			sourceTree = "<group>";
		};
		65C920A87DB45E8ABCF0ADDE /* Screens */ = {
			isa = PBXGroup;
			children = (
				44F246F04D822F8BCE69917E /* LocationWeatherViewControllerTests.swift */,
				373B667EFF54C1BFF0D58EC5 /* WeatherSummaryViewTests.swift */,
			);
			path = Screens;
			sourceTree = "<group>";
		};
		81FFD2BD86B76B9B2DA5B824 /* Packages */ = {
			isa = PBXGroup;
			children = (
				CCA4F0B6BCBA55AA36445574 /* WeatherCore */,
			);
			name = Packages;
			sourceTree = "<group>";
		};
		87E81D0CF6D56577DA970303 /* Tiles */ = {
			isa = PBXGroup;
			children = (
				F56088665110EEE30D085CD9 /* TilesContainerView.swift */,
				B405F1472E1AF3AF7BFCC73C /* WeatherTileView.swift */,
			);
			path = Tiles;
			sourceTree = "<group>";
		};
		9219422370925A953CF452BE /* TemperatureGraph */ = {
			isa = PBXGroup;
			children = (
				7F7D7AEEA913C128F5FF6E89 /* DayHeaderReusableView.swift */,
				53BF1687A357FAB8EB92DD7A /* TemperatureGraphCell.swift */,
				A5B94615F499CA6C28AE7FE0 /* TemperatureGraphCollectionView.swift */,
				EDA742FBAE811FB33D28C62F /* TemperatureGraphLayout.swift */,
				E7EE92C8C269BCEE342952E2 /* TemperatureGraphRenderer.swift */,
			);
			path = TemperatureGraph;
			sourceTree = "<group>";
		};
		9B35CCDB871D8B7F6C07CDED /* Application */ = {
			isa = PBXGroup;
			children = (
				F5F16F8BAC2D25F9845A85FA /* AppCoordinator.swift */,
				09368FD00A15FC6110047639 /* LocationManager.swift */,
				F7DF9AAD1297FA426933546D /* ProxyConfigurationLoader.swift */,
			);
			path = Application;
			sourceTree = "<group>";
		};
		9E139DD5F01C9D68C4B04E30 = {
			isa = PBXGroup;
			children = (
				81FFD2BD86B76B9B2DA5B824 /* Packages */,
				62BD443CA14B3FF87BA00612 /* WeatherApp */,
				1ADD2BF52E5A4F069959D44E /* WeatherAppTests */,
				9F9DF2D0F537ECC7303F527B /* Products */,
			);
			sourceTree = "<group>";
		};
		9F9DF2D0F537ECC7303F527B /* Products */ = {
			isa = PBXGroup;
			children = (
				25BC59F755991BBB3351FCD6 /* WeatherApp.app */,
				E6CCDD89A0AB717D13232375 /* WeatherAppTests.xctest */,
			);
			name = Products;
			sourceTree = "<group>";
		};
		AFF23EB9C72525D253CDAF25 /* Screens */ = {
			isa = PBXGroup;
			children = (
				FBEE0FCDFB1A8CD24CD23593 /* LocationWeather */,
				LOCATIONS000GROUP001 /* Locations */,
				20CCF13E31D152E67D66ACEC /* Shared */,
			);
			path = Screens;
			sourceTree = "<group>";
		};
		BC202C9FA5C68CFA5D3CEF8A /* Support */ = {
			isa = PBXGroup;
			children = (
				1586BA19A356C3B7AFDE1BF8 /* AppL10n.swift */,
			);
			path = Support;
			sourceTree = "<group>";
		};
		D46353D024D7FBEE876E8881 /* TopView */ = {
			isa = PBXGroup;
			children = (
				721B7D045B9BBAD0E776EFC8 /* WeatherSummaryView.swift */,
			);
			path = TopView;
			sourceTree = "<group>";
		};
		D8851AA99DF2E8E5E4EA88B7 /* Resources */ = {
			isa = PBXGroup;
			children = (
				566FE958D883DC5A96A01E69 /* Config.plist */,
				1BF26741692A427A71D99669 /* Localizable.xcstrings */,
			);
			path = Resources;
			sourceTree = "<group>";
		};
		E4F785B97C2352D43540ED6E /* Background */ = {
			isa = PBXGroup;
			children = (
				1505F3EB62C744A68E4C8288 /* WeatherBackgroundEffectsPolicyTests.swift */,
				8423875CEF0246FD99FEB247 /* WeatherBackgroundPaletteTests.swift */,
				F60718293A4B5C6D7E8F9012 /* WeatherBackgroundSnapshotFixtures.swift */,
				18293A4B5C6D7E8F90123456 /* WeatherBackgroundSnapshotTests.swift */,
				21A695A06A5BD659D85FE4C2 /* WeatherBackgroundViewTests.swift */,
				M0T10NP0L1CY002FILE00001 /* WeatherBackgroundMotionPolicyTests.swift */,
				CLOUDPOLICY002FILE00001 /* WeatherBackgroundCloudPolicyTests.swift */,
				B6E8E8FD6D1E574EB99D4F00 /* WeatherParticleEmitterBuilderTests.swift */,
			);
			path = Background;
			sourceTree = "<group>";
		};
		E8889CF925CC69A12D4BAD08 /* Background */ = {
			isa = PBXGroup;
			children = (
				F623C0F47A87C8087C574EC0 /* WeatherBackgroundAssetFactory.swift */,
				D93D5091CD948DAA6779F978 /* WeatherBackgroundConfiguration.swift */,
				25663BA02D4026841B9F4B45 /* WeatherBackgroundConstants.swift */,
				CLOUDPOLICY001FILE00001 /* WeatherBackgroundCloudPolicy.swift */,
				7FA6185DE28A5CA18E23B5CA /* WeatherBackgroundEffectsPolicy.swift */,
				M0T10NP0L1CY001FILE00001 /* WeatherBackgroundMotionPolicy.swift */,
				6CE99F6C0A1390E69D5B98ED /* WeatherBackgroundPalette.swift */,
				92E2720920BC78A7D671760A /* WeatherBackgroundView.swift */,
				SNAPREP001FILE000001 /* WeatherBackgroundSnapshotRepresentation.swift */,
				0EDE72CC84A27F2F747CCB46 /* WeatherCelestialGlowView.swift */,
				B056633315EA361DE34259EB /* WeatherCloudParallaxView.swift */,
				4AEF72E637E94AE673DEF732 /* WeatherParticleEmitterBuilder.swift */,
				6B778195BF3409CD5CA75C3C /* WeatherStormFlashView.swift */,
			);
			path = Background;
			sourceTree = "<group>";
		};
		FBEE0FCDFB1A8CD24CD23593 /* LocationWeather */ = {
			isa = PBXGroup;
			children = (
				8131E210C59013179486C9DF /* LocationWeatherViewController.swift */,
				WEATHERPAGER001FILE0001 /* WeatherPagerViewController.swift */,
				E8889CF925CC69A12D4BAD08 /* Background */,
				9219422370925A953CF452BE /* TemperatureGraph */,
				87E81D0CF6D56577DA970303 /* Tiles */,
				D46353D024D7FBEE876E8881 /* TopView */,
			);
			path = LocationWeather;
			sourceTree = "<group>";
		};
		LOCATIONS000GROUP001 /* Locations */ = {
			isa = PBXGroup;
			children = (
				LOCATIONSVC001FILE00001 /* LocationsViewController.swift */,
			);
			path = Locations;
			sourceTree = "<group>";
		};
/* End PBXGroup section */

/* Begin PBXNativeTarget section */
		6C3C30A3EF4485A44944FBA2 /* WeatherAppTests */ = {
			isa = PBXNativeTarget;
			buildConfigurationList = 1C79A82F40E9AA142493B8CF /* Build configuration list for PBXNativeTarget "WeatherAppTests" */;
			buildPhases = (
				26080A309AAFE7169D629762 /* Sources */,
				9F8E7D6C5B4A392817161514 /* Frameworks */,
			);
			buildRules = (
			);
			dependencies = (
				0822673D4E1C539BD7F1FFC9 /* PBXTargetDependency */,
			);
			name = WeatherAppTests;
			packageProductDependencies = (
			);
			productName = WeatherAppTests;
			productReference = E6CCDD89A0AB717D13232375 /* WeatherAppTests.xctest */;
			productType = "com.apple.product-type.bundle.unit-test";
		};
		C5C3A59242333E2CBF0C59F3 /* WeatherApp */ = {
			isa = PBXNativeTarget;
			buildConfigurationList = 62C97A2A29A993F3F722020F /* Build configuration list for PBXNativeTarget "WeatherApp" */;
			buildPhases = (
				1E3FD81B0C0FC1266EA776C3 /* Sources */,
				E17903A1544D64741C007062 /* Resources */,
				0CD4E8C9D5665058FFE1B20C /* Frameworks */,
			);
			buildRules = (
			);
			dependencies = (
			);
			name = WeatherApp;
			packageProductDependencies = (
				1D1B40654C6EAB9985EBD431 /* WeatherCore */,
			);
			productName = WeatherApp;
			productReference = 25BC59F755991BBB3351FCD6 /* WeatherApp.app */;
			productType = "com.apple.product-type.application";
		};
/* End PBXNativeTarget section */

/* Begin PBXProject section */
		68EB07FA727F0E3673187832 /* Project object */ = {
			isa = PBXProject;
			attributes = {
				BuildIndependentTargetsInParallel = YES;
				LastUpgradeCheck = 1430;
				TargetAttributes = {
					C5C3A59242333E2CBF0C59F3 = {
						DevelopmentTeam = 4S8W95348M;
						ProvisioningStyle = Automatic;
					};
				};
			};
			buildConfigurationList = 2AE132A3D809B71E5F58BDF0 /* Build configuration list for PBXProject "WeatherApp" */;
			developmentRegion = en;
			hasScannedForEncodings = 0;
			knownRegions = (
				Base,
				en,
			);
			mainGroup = 9E139DD5F01C9D68C4B04E30;
			minimizedProjectReferenceProxies = 1;
			packageReferences = (
				04C2C4BBEF3CCEED4342EB4F /* XCLocalSwiftPackageReference "WeatherCore" */,
			);
			preferredProjectObjectVersion = 77;
			productRefGroup = 9F9DF2D0F537ECC7303F527B /* Products */;
			projectDirPath = "";
			projectRoot = "";
			targets = (
				C5C3A59242333E2CBF0C59F3 /* WeatherApp */,
				6C3C30A3EF4485A44944FBA2 /* WeatherAppTests */,
			);
		};
/* End PBXProject section */

/* Begin PBXResourcesBuildPhase section */
		E17903A1544D64741C007062 /* Resources */ = {
			isa = PBXResourcesBuildPhase;
			buildActionMask = 2147483647;
			files = (
				78D6D3A2ACD82F97B2AE0117 /* Config.plist in Resources */,
				900BE3082D9EAE8151808C11 /* Localizable.xcstrings in Resources */,
			);
			runOnlyForDeploymentPostprocessing = 0;
		};
/* End PBXResourcesBuildPhase section */

/* Begin PBXSourcesBuildPhase section */
		1E3FD81B0C0FC1266EA776C3 /* Sources */ = {
			isa = PBXSourcesBuildPhase;
			buildActionMask = 2147483647;
			files = (
				41BFEFABA896A44F4318CC31 /* AppCoordinator.swift in Sources */,
				634847B481562DF2D470531B /* AppDelegate.swift in Sources */,
				EA1831DA42B164196DCC262C /* AppL10n.swift in Sources */,
				0591931E79D7EAE80445E416 /* DayHeaderReusableView.swift in Sources */,
				6C7AE8BB452D327A5A8837DC /* LoadingView.swift in Sources */,
				8EE6AF6B62D6F36BD914A586 /* LocationManager.swift in Sources */,
				11B8A7BE663F43A6FADBEB67 /* LocationPermissionView.swift in Sources */,
				A8442DA94C0BBA2A8F1E4C92 /* LocationWeatherViewController.swift in Sources */,
				ABDBB88BF5D6D30BED223968 /* OfflineBannerView.swift in Sources */,
				7C0D2A40BC930F4968669DDD /* ProxyConfigurationLoader.swift in Sources */,
				LOCATIONSVC001BUILD00001 /* LocationsViewController.swift in Sources */,
				WEATHERPAGER001BUILD0001 /* WeatherPagerViewController.swift in Sources */,
				08881BCB571A08EB72EBDF3C /* SceneDelegate.swift in Sources */,
				22BA52706C31FAE812E30434 /* TemperatureGraphCell.swift in Sources */,
				10B529173A54E8ABBB6BEEAA /* TemperatureGraphCollectionView.swift in Sources */,
				9786ED40BF64ED3FCC0F8BBE /* TemperatureGraphLayout.swift in Sources */,
				B26C3F79C2FE2CF9D8D8D972 /* TemperatureGraphRenderer.swift in Sources */,
				B09A42BA6BC5964B9359FDB7 /* TilesContainerView.swift in Sources */,
				AB1734EE815563FC23DD7AE7 /* WeatherBackgroundAssetFactory.swift in Sources */,
				546738A86ED1DB34EFA3F658 /* WeatherBackgroundConfiguration.swift in Sources */,
				369BFDF7C8A13A7C32072F7D /* WeatherBackgroundConstants.swift in Sources */,
				CLOUDPOLICY001BUILD00001 /* WeatherBackgroundCloudPolicy.swift in Sources */,
				M0T10NP0L1CY001BUILD00001 /* WeatherBackgroundMotionPolicy.swift in Sources */,
				5D23F0B8DB2F6FDA21E5E88A /* WeatherBackgroundEffectsPolicy.swift in Sources */,
				38806E99E616E24CF5BBE733 /* WeatherBackgroundPalette.swift in Sources */,
				0EA1676FCC9ED3D7A435EB48 /* WeatherBackgroundView.swift in Sources */,
				SNAPREP001BUILD000001 /* WeatherBackgroundSnapshotRepresentation.swift in Sources */,
				B5065348E869F1CB43CEE0B1 /* WeatherCelestialGlowView.swift in Sources */,
				34AB649F8D23B383774B7D8C /* WeatherCloudParallaxView.swift in Sources */,
				E5EF8AC469C3A5E0FFC14C41 /* WeatherParticleEmitterBuilder.swift in Sources */,
				FDCC39C6B8EAF7CFA370AC4A /* WeatherStormFlashView.swift in Sources */,
				1835B6372518624C2124F092 /* WeatherSummaryView.swift in Sources */,
				DESIGNSYS001BUILD00001 /* WeatherDesignSystem.swift in Sources */,
				FEDCBA9876543210ABCDEF01 /* WeatherSkyReadableText.swift in Sources */,
				EDA5CC13DB84A6A450CE5B34 /* WeatherTileView.swift in Sources */,
			);
			runOnlyForDeploymentPostprocessing = 0;
		};
		26080A309AAFE7169D629762 /* Sources */ = {
			isa = PBXSourcesBuildPhase;
			buildActionMask = 2147483647;
			files = (
				A6E8F5456C4F51FCF2646140 /* AppCoordinatorTests.swift in Sources */,
				44F3C71C8DB92191914835F9 /* LocationWeatherViewControllerTests.swift in Sources */,
				EE3137953FEB5329A2DFACBA /* MockCollectionViewDataSource.swift in Sources */,
				JSONSNAP001BUILD00001 /* JSONSnapshotTesting.swift in Sources */,
				5B5533BF1D9C08DBB3B98F55 /* TemperatureGraphLayoutTests.swift in Sources */,
				E56B1BB070843944C201072F /* TemperatureGraphRendererTests.swift in Sources */,
				97A3CD9579BA387B613B0C93 /* TilesContainerViewTests.swift in Sources */,
				E1688F3BDDF548BB507A75E6 /* WeatherBackgroundEffectsPolicyTests.swift in Sources */,
				349930EF4D7A775719F5F2A7 /* WeatherBackgroundPaletteTests.swift in Sources */,
				EC4DCD1671EFDB043C737F0F /* WeatherBackgroundViewTests.swift in Sources */,
				M0T10NP0L1CY002BUILD00001 /* WeatherBackgroundMotionPolicyTests.swift in Sources */,
				CLOUDPOLICY002BUILD00001 /* WeatherBackgroundCloudPolicyTests.swift in Sources */,
				5FA8D4546B1DF0B679050ED4 /* WeatherParticleEmitterBuilderTests.swift in Sources */,
				CD9F7D1DB7050C89DD83DF4D /* WeatherSummaryViewTests.swift in Sources */,
				E5F60718293A4B5C6D7E8F90 /* WeatherBackgroundSnapshotFixtures.swift in Sources */,
				0718293A4B5C6D7E8F901234 /* WeatherBackgroundSnapshotTests.swift in Sources */,
			);
			runOnlyForDeploymentPostprocessing = 0;
		};
/* End PBXSourcesBuildPhase section */

/* Begin PBXTargetDependency section */
		0822673D4E1C539BD7F1FFC9 /* PBXTargetDependency */ = {
			isa = PBXTargetDependency;
			target = C5C3A59242333E2CBF0C59F3 /* WeatherApp */;
			targetProxy = 2B4CA6F10806C5FD9373FD84 /* PBXContainerItemProxy */;
		};
/* End PBXTargetDependency section */

/* Begin XCBuildConfiguration section */
		004536EA1427290616059E41 /* Release */ = {
			isa = XCBuildConfiguration;
			buildSettings = {
				ALWAYS_SEARCH_USER_PATHS = NO;
				CLANG_ANALYZER_NONNULL = YES;
				CLANG_ANALYZER_NUMBER_OBJECT_CONVERSION = YES_AGGRESSIVE;
				CLANG_CXX_LANGUAGE_STANDARD = "gnu++14";
				CLANG_CXX_LIBRARY = "libc++";
				CLANG_ENABLE_MODULES = YES;
				CLANG_ENABLE_OBJC_ARC = YES;
				CLANG_ENABLE_OBJC_WEAK = YES;
				CLANG_WARN_BLOCK_CAPTURE_AUTORELEASING = YES;
				CLANG_WARN_BOOL_CONVERSION = YES;
				CLANG_WARN_COMMA = YES;
				CLANG_WARN_CONSTANT_CONVERSION = YES;
				CLANG_WARN_DEPRECATED_OBJC_IMPLEMENTATIONS = YES;
				CLANG_WARN_DIRECT_OBJC_ISA_USAGE = YES_ERROR;
				CLANG_WARN_DOCUMENTATION_COMMENTS = YES;
				CLANG_WARN_EMPTY_BODY = YES;
				CLANG_WARN_ENUM_CONVERSION = YES;
				CLANG_WARN_INFINITE_RECURSION = YES;
				CLANG_WARN_INT_CONVERSION = YES;
				CLANG_WARN_NON_LITERAL_NULL_CONVERSION = YES;
				CLANG_WARN_OBJC_IMPLICIT_RETAIN_SELF = YES;
				CLANG_WARN_OBJC_LITERAL_CONVERSION = YES;
				CLANG_WARN_OBJC_ROOT_CLASS = YES_ERROR;
				CLANG_WARN_QUOTED_INCLUDE_IN_FRAMEWORK_HEADER = YES;
				CLANG_WARN_RANGE_LOOP_ANALYSIS = YES;
				CLANG_WARN_STRICT_PROTOTYPES = YES;
				CLANG_WARN_SUSPICIOUS_MOVE = YES;
				CLANG_WARN_UNGUARDED_AVAILABILITY = YES_AGGRESSIVE;
				CLANG_WARN_UNREACHABLE_CODE = YES;
				CLANG_WARN__DUPLICATE_METHOD_MATCH = YES;
				COPY_PHASE_STRIP = NO;
				DEBUG_INFORMATION_FORMAT = "dwarf-with-dsym";
				ENABLE_NS_ASSERTIONS = NO;
				ENABLE_STRICT_OBJC_MSGSEND = YES;
				GCC_C_LANGUAGE_STANDARD = gnu11;
				GCC_NO_COMMON_BLOCKS = YES;
				GCC_WARN_64_TO_32_BIT_CONVERSION = YES;
				GCC_WARN_ABOUT_RETURN_TYPE = YES_ERROR;
				GCC_WARN_UNDECLARED_SELECTOR = YES;
				GCC_WARN_UNINITIALIZED_AUTOS = YES_AGGRESSIVE;
				GCC_WARN_UNUSED_FUNCTION = YES;
				GCC_WARN_UNUSED_VARIABLE = YES;
				IPHONEOS_DEPLOYMENT_TARGET = 18.0;
				MTL_ENABLE_DEBUG_INFO = NO;
				MTL_FAST_MATH = YES;
				PRODUCT_NAME = "$(TARGET_NAME)";
				SDKROOT = iphoneos;
				SWIFT_COMPILATION_MODE = wholemodule;
				SWIFT_OPTIMIZATION_LEVEL = "-O";
				SWIFT_VERSION = 5.0;
			};
			name = Release;
		};
		432C36AAC8565147DF3378D7 /* Debug */ = {
			isa = XCBuildConfiguration;
			buildSettings = {
				ASSETCATALOG_COMPILER_APPICON_NAME = AppIcon;
				CODE_SIGN_IDENTITY = "iPhone Developer";
				CODE_SIGN_STYLE = Automatic;
				DEVELOPMENT_TEAM = 4S8W95348M;
				GENERATE_INFOPLIST_FILE = NO;
				INFOPLIST_FILE = WeatherApp/Info.plist;
				LD_RUNPATH_SEARCH_PATHS = (
					"$(inherited)",
					"@executable_path/Frameworks",
				);
				PRODUCT_BUNDLE_IDENTIFIER = com.abdo.weather;
				SDKROOT = iphoneos;
				TARGETED_DEVICE_FAMILY = "1,2";
			};
			name = Debug;
		};
		4537F96F82218F719C4A2EAE /* Debug */ = {
			isa = XCBuildConfiguration;
			buildSettings = {
				ALWAYS_SEARCH_USER_PATHS = NO;
				CLANG_ANALYZER_NONNULL = YES;
				CLANG_ANALYZER_NUMBER_OBJECT_CONVERSION = YES_AGGRESSIVE;
				CLANG_CXX_LANGUAGE_STANDARD = "gnu++14";
				CLANG_CXX_LIBRARY = "libc++";
				CLANG_ENABLE_MODULES = YES;
				CLANG_ENABLE_OBJC_ARC = YES;
				CLANG_ENABLE_OBJC_WEAK = YES;
				CLANG_WARN_BLOCK_CAPTURE_AUTORELEASING = YES;
				CLANG_WARN_BOOL_CONVERSION = YES;
				CLANG_WARN_COMMA = YES;
				CLANG_WARN_CONSTANT_CONVERSION = YES;
				CLANG_WARN_DEPRECATED_OBJC_IMPLEMENTATIONS = YES;
				CLANG_WARN_DIRECT_OBJC_ISA_USAGE = YES_ERROR;
				CLANG_WARN_DOCUMENTATION_COMMENTS = YES;
				CLANG_WARN_EMPTY_BODY = YES;
				CLANG_WARN_ENUM_CONVERSION = YES;
				CLANG_WARN_INFINITE_RECURSION = YES;
				CLANG_WARN_INT_CONVERSION = YES;
				CLANG_WARN_NON_LITERAL_NULL_CONVERSION = YES;
				CLANG_WARN_OBJC_IMPLICIT_RETAIN_SELF = YES;
				CLANG_WARN_OBJC_LITERAL_CONVERSION = YES;
				CLANG_WARN_OBJC_ROOT_CLASS = YES_ERROR;
				CLANG_WARN_QUOTED_INCLUDE_IN_FRAMEWORK_HEADER = YES;
				CLANG_WARN_RANGE_LOOP_ANALYSIS = YES;
				CLANG_WARN_STRICT_PROTOTYPES = YES;
				CLANG_WARN_SUSPICIOUS_MOVE = YES;
				CLANG_WARN_UNGUARDED_AVAILABILITY = YES_AGGRESSIVE;
				CLANG_WARN_UNREACHABLE_CODE = YES;
				CLANG_WARN__DUPLICATE_METHOD_MATCH = YES;
				COPY_PHASE_STRIP = NO;
				DEBUG_INFORMATION_FORMAT = dwarf;
				ENABLE_STRICT_OBJC_MSGSEND = YES;
				ENABLE_TESTABILITY = YES;
				GCC_C_LANGUAGE_STANDARD = gnu11;
				GCC_DYNAMIC_NO_PIC = NO;
				GCC_NO_COMMON_BLOCKS = YES;
				GCC_OPTIMIZATION_LEVEL = 0;
				GCC_PREPROCESSOR_DEFINITIONS = (
					"$(inherited)",
					"DEBUG=1",
				);
				GCC_WARN_64_TO_32_BIT_CONVERSION = YES;
				GCC_WARN_ABOUT_RETURN_TYPE = YES_ERROR;
				GCC_WARN_UNDECLARED_SELECTOR = YES;
				GCC_WARN_UNINITIALIZED_AUTOS = YES_AGGRESSIVE;
				GCC_WARN_UNUSED_FUNCTION = YES;
				GCC_WARN_UNUSED_VARIABLE = YES;
				IPHONEOS_DEPLOYMENT_TARGET = 18.0;
				MTL_ENABLE_DEBUG_INFO = INCLUDE_SOURCE;
				MTL_FAST_MATH = YES;
				ONLY_ACTIVE_ARCH = YES;
				PRODUCT_NAME = "$(TARGET_NAME)";
				SDKROOT = iphoneos;
				SWIFT_ACTIVE_COMPILATION_CONDITIONS = DEBUG;
				SWIFT_OPTIMIZATION_LEVEL = "-Onone";
				SWIFT_VERSION = 5.0;
			};
			name = Debug;
		};
		8428031DA5DF42E6929BF69A /* Release */ = {
			isa = XCBuildConfiguration;
			buildSettings = {
				ASSETCATALOG_COMPILER_APPICON_NAME = AppIcon;
				CODE_SIGN_IDENTITY = "iPhone Developer";
				CODE_SIGN_STYLE = Automatic;
				DEVELOPMENT_TEAM = 4S8W95348M;
				GENERATE_INFOPLIST_FILE = NO;
				INFOPLIST_FILE = WeatherApp/Info.plist;
				LD_RUNPATH_SEARCH_PATHS = (
					"$(inherited)",
					"@executable_path/Frameworks",
				);
				PRODUCT_BUNDLE_IDENTIFIER = com.abdo.weather;
				SDKROOT = iphoneos;
				TARGETED_DEVICE_FAMILY = "1,2";
			};
			name = Release;
		};
		9A8E5976DC411FB62D65A59E /* Debug */ = {
			isa = XCBuildConfiguration;
			buildSettings = {
				BUNDLE_LOADER = "$(TEST_HOST)";
				GENERATE_INFOPLIST_FILE = YES;
				LD_RUNPATH_SEARCH_PATHS = (
					"$(inherited)",
					"@executable_path/Frameworks",
					"@loader_path/Frameworks",
				);
				PRODUCT_BUNDLE_IDENTIFIER = com.abdo.weather.tests;
				SDKROOT = iphoneos;
				TARGETED_DEVICE_FAMILY = "1,2";
				TEST_HOST = "$(BUILT_PRODUCTS_DIR)/WeatherApp.app/$(BUNDLE_EXECUTABLE_FOLDER_PATH)/WeatherApp";
			};
			name = Debug;
		};
		9FEF8FF14C81114754B795B7 /* Release */ = {
			isa = XCBuildConfiguration;
			buildSettings = {
				BUNDLE_LOADER = "$(TEST_HOST)";
				GENERATE_INFOPLIST_FILE = YES;
				LD_RUNPATH_SEARCH_PATHS = (
					"$(inherited)",
					"@executable_path/Frameworks",
					"@loader_path/Frameworks",
				);
				PRODUCT_BUNDLE_IDENTIFIER = com.abdo.weather.tests;
				SDKROOT = iphoneos;
				TARGETED_DEVICE_FAMILY = "1,2";
				TEST_HOST = "$(BUILT_PRODUCTS_DIR)/WeatherApp.app/$(BUNDLE_EXECUTABLE_FOLDER_PATH)/WeatherApp";
			};
			name = Release;
		};
/* End XCBuildConfiguration section */

/* Begin XCConfigurationList section */
		1C79A82F40E9AA142493B8CF /* Build configuration list for PBXNativeTarget "WeatherAppTests" */ = {
			isa = XCConfigurationList;
			buildConfigurations = (
				9A8E5976DC411FB62D65A59E /* Debug */,
				9FEF8FF14C81114754B795B7 /* Release */,
			);
			defaultConfigurationIsVisible = 0;
			defaultConfigurationName = Debug;
		};
		2AE132A3D809B71E5F58BDF0 /* Build configuration list for PBXProject "WeatherApp" */ = {
			isa = XCConfigurationList;
			buildConfigurations = (
				4537F96F82218F719C4A2EAE /* Debug */,
				004536EA1427290616059E41 /* Release */,
			);
			defaultConfigurationIsVisible = 0;
			defaultConfigurationName = Debug;
		};
		62C97A2A29A993F3F722020F /* Build configuration list for PBXNativeTarget "WeatherApp" */ = {
			isa = XCConfigurationList;
			buildConfigurations = (
				432C36AAC8565147DF3378D7 /* Debug */,
				8428031DA5DF42E6929BF69A /* Release */,
			);
			defaultConfigurationIsVisible = 0;
			defaultConfigurationName = Debug;
		};
/* End XCConfigurationList section */

/* Begin XCLocalSwiftPackageReference section */
		04C2C4BBEF3CCEED4342EB4F /* XCLocalSwiftPackageReference "WeatherCore" */ = {
			isa = XCLocalSwiftPackageReference;
			relativePath = WeatherCore;
		};
/* End XCLocalSwiftPackageReference section */


/* Begin XCSwiftPackageProductDependency section */
		1D1B40654C6EAB9985EBD431 /* WeatherCore */ = {
			isa = XCSwiftPackageProductDependency;
			productName = WeatherCore;
		};
/* End XCSwiftPackageProductDependency section */
	};
	rootObject = 68EB07FA727F0E3673187832 /* Project object */;
}
